// !$*UTF8*$!
{
	archiveVersion = 1;
	classes = {
	};
	objectVersion = 55;
	objects = {

/* Begin PBXBuildFile section */
		700D077B285B52D0001C38EF /* FlickrClient.swift in Sources */ = {isa = PBXBuildFile; fileRef = 700D077A285B52D0001C38EF /* FlickrClient.swift */; };
		700D0783285C6EB7001C38EF /* CollectionViewCell.swift in Sources */ = {isa = PBXBuildFile; fileRef = 700D0782285C6EB7001C38EF /* CollectionViewCell.swift */; };
		700D0785285C74AE001C38EF /* ZoomModel.swift in Sources */ = {isa = PBXBuildFile; fileRef = 700D0784285C74AE001C38EF /* ZoomModel.swift */; };
		700D0787285C74E3001C38EF /* Cordinates.swift in Sources */ = {isa = PBXBuildFile; fileRef = 700D0786285C74E3001C38EF /* Cordinates.swift */; };
		700D0789285C7585001C38EF /* FlickrResponse.swift in Sources */ = {isa = PBXBuildFile; fileRef = 700D0788285C7585001C38EF /* FlickrResponse.swift */; };
		700D0790285C9F02001C38EF /* VirtualTouristP.xcdatamodeld in Sources */ = {isa = PBXBuildFile; fileRef = 700D078E285C9F02001C38EF /* VirtualTouristP.xcdatamodeld */; };
		70A27988285F11900044508C /* PhotoAlbumView.swift in Sources */ = {isa = PBXBuildFile; fileRef = 70A27987285F11900044508C /* PhotoAlbumView.swift */; };
		70F35DA728522AF4001AE33D /* AppDelegate.swift in Sources */ = {isa = PBXBuildFile; fileRef = 70F35DA628522AF4001AE33D /* AppDelegate.swift */; };
		70F35DA928522AF4001AE33D /* SceneDelegate.swift in Sources */ = {isa = PBXBuildFile; fileRef = 70F35DA828522AF4001AE33D /* SceneDelegate.swift */; };
		70F35DAB28522AF4001AE33D /* TravelLocationMapViewController.swift in Sources */ = {isa = PBXBuildFile; fileRef = 70F35DAA28522AF4001AE33D /* TravelLocationMapViewController.swift */; };
		70F35DAE28522AF4001AE33D /* Main.storyboard in Resources */ = {isa = PBXBuildFile; fileRef = 70F35DAC28522AF4001AE33D /* Main.storyboard */; };
		70F35DB028522AF5001AE33D /* Assets.xcassets in Resources */ = {isa = PBXBuildFile; fileRef = 70F35DAF28522AF5001AE33D /* Assets.xcassets */; };
		70F35DB328522AF5001AE33D /* LaunchScreen.storyboard in Resources */ = {isa = PBXBuildFile; fileRef = 70F35DB128522AF5001AE33D /* LaunchScreen.storyboard */; };
		70F35DBC28522B16001AE33D /* DataController.swift in Sources */ = {isa = PBXBuildFile; fileRef = 70F35DBB28522B16001AE33D /* DataController.swift */; };
/* End PBXBuildFile section */

/* Begin PBXFileReference section */
		700D077A285B52D0001C38EF /* FlickrClient.swift */ = {isa = PBXFileReference; lastKnownFileType = sourcecode.swift; path = FlickrClient.swift; sourceTree = "<group>"; };
		700D0782285C6EB7001C38EF /* CollectionViewCell.swift */ = {isa = PBXFileReference; lastKnownFileType = sourcecode.swift; path = CollectionViewCell.swift; sourceTree = "<group>"; };
		700D0784285C74AE001C38EF /* ZoomModel.swift */ = {isa = PBXFileReference; lastKnownFileType = sourcecode.swift; path = ZoomModel.swift; sourceTree = "<group>"; };
		700D0786285C74E3001C38EF /* Cordinates.swift */ = {isa = PBXFileReference; lastKnownFileType = sourcecode.swift; path = Cordinates.swift; sourceTree = "<group>"; };
		700D0788285C7585001C38EF /* FlickrResponse.swift */ = {isa = PBXFileReference; lastKnownFileType = sourcecode.swift; path = FlickrResponse.swift; sourceTree = "<group>"; };
		700D078F285C9F02001C38EF /* VirtualTouristP.xcdatamodel */ = {isa = PBXFileReference; lastKnownFileType = wrapper.xcdatamodel; path = VirtualTouristP.xcdatamodel; sourceTree = "<group>"; };
		70A27987285F11900044508C /* PhotoAlbumView.swift */ = {isa = PBXFileReference; lastKnownFileType = sourcecode.swift; path = PhotoAlbumView.swift; sourceTree = "<group>"; };
		70F35DA328522AF4001AE33D /* VirtualTouristProject.app */ = {isa = PBXFileReference; explicitFileType = wrapper.application; includeInIndex = 0; path = VirtualTouristProject.app; sourceTree = BUILT_PRODUCTS_DIR; };
		70F35DA628522AF4001AE33D /* AppDelegate.swift */ = {isa = PBXFileReference; lastKnownFileType = sourcecode.swift; path = AppDelegate.swift; sourceTree = "<group>"; };
		70F35DA828522AF4001AE33D /* SceneDelegate.swift */ = {isa = PBXFileReference; lastKnownFileType = sourcecode.swift; path = SceneDelegate.swift; sourceTree = "<group>"; };
		70F35DAA28522AF4001AE33D /* TravelLocationMapViewController.swift */ = {isa = PBXFileReference; lastKnownFileType = sourcecode.swift; path = TravelLocationMapViewController.swift; sourceTree = "<group>"; };
		70F35DAD28522AF4001AE33D /* Base */ = {isa = PBXFileReference; lastKnownFileType = file.storyboard; name = Base; path = Base.lproj/Main.storyboard; sourceTree = "<group>"; };
		70F35DAF28522AF5001AE33D /* Assets.xcassets */ = {isa = PBXFileReference; lastKnownFileType = folder.assetcatalog; path = Assets.xcassets; sourceTree = "<group>"; };
		70F35DB228522AF5001AE33D /* Base */ = {isa = PBXFileReference; lastKnownFileType = file.storyboard; name = Base; path = Base.lproj/LaunchScreen.storyboard; sourceTree = "<group>"; };
		70F35DB428522AF5001AE33D /* Info.plist */ = {isa = PBXFileReference; lastKnownFileType = text.plist.xml; path = Info.plist; sourceTree = "<group>"; };
		70F35DBB28522B16001AE33D /* DataController.swift */ = {isa = PBXFileReference; lastKnownFileType = sourcecode.swift; path = DataController.swift; sourceTree = "<group>"; };
/* End PBXFileReference section */

/* Begin PBXFrameworksBuildPhase section */
		70F35DA028522AF4001AE33D /* Frameworks */ = {
			isa = PBXFrameworksBuildPhase;
			buildActionMask = 2147483647;
			files = (
			);
			runOnlyForDeploymentPostprocessing = 0;
		};
/* End PBXFrameworksBuildPhase section */

/* Begin PBXGroup section */
		700D078A285C9DF8001C38EF /* Response */ = {
			isa = PBXGroup;
			children = (
				700D077A285B52D0001C38EF /* FlickrClient.swift */,
				700D0788285C7585001C38EF /* FlickrResponse.swift */,
			);
			path = Response;
			sourceTree = "<group>";
		};
		700D078B285C9E1F001C38EF /* Controllers */ = {
			isa = PBXGroup;
			children = (
				70F35DAA28522AF4001AE33D /* TravelLocationMapViewController.swift */,
				700D0782285C6EB7001C38EF /* CollectionViewCell.swift */,
				70A27987285F11900044508C /* PhotoAlbumView.swift */,
			);
			path = Controllers;
			sourceTree = "<group>";
		};
		700D078C285C9E31001C38EF /* View */ = {
			isa = PBXGroup;
			children = (
				70F35DAC28522AF4001AE33D /* Main.storyboard */,
				70F35DB128522AF5001AE33D /* LaunchScreen.storyboard */,
			);
			path = View;
			sourceTree = "<group>";
		};
		700D078D285C9E4A001C38EF /* SupportingFiles */ = {
			isa = PBXGroup;
			children = (
				70F35DAF28522AF5001AE33D /* Assets.xcassets */,
			);
			path = SupportingFiles;
			sourceTree = "<group>";
		};
		70F35D9A28522AF4001AE33D = {
			isa = PBXGroup;
			children = (
				70F35DA528522AF4001AE33D /* VirtualTouristProject */,
				70F35DA428522AF4001AE33D /* Products */,
			);
			sourceTree = "<group>";
		};
		70F35DA428522AF4001AE33D /* Products */ = {
			isa = PBXGroup;
			children = (
				70F35DA328522AF4001AE33D /* VirtualTouristProject.app */,
			);
			name = Products;
			sourceTree = "<group>";
		};
		70F35DA528522AF4001AE33D /* VirtualTouristProject */ = {
			isa = PBXGroup;
			children = (
				70F35DBA28522AFE001AE33D /* Model */,
				70F35DA628522AF4001AE33D /* AppDelegate.swift */,
				700D078E285C9F02001C38EF /* VirtualTouristP.xcdatamodeld */,
				70F35DA828522AF4001AE33D /* SceneDelegate.swift */,
				700D078B285C9E1F001C38EF /* Controllers */,
				700D078C285C9E31001C38EF /* View */,
				700D078D285C9E4A001C38EF /* SupportingFiles */,
				70F35DB428522AF5001AE33D /* Info.plist */,
			);
			path = VirtualTouristProject;
			sourceTree = "<group>";
		};
		70F35DBA28522AFE001AE33D /* Model */ = {
			isa = PBXGroup;
			children = (
				700D078A285C9DF8001C38EF /* Response */,
				70F35DBB28522B16001AE33D /* DataController.swift */,
				700D0784285C74AE001C38EF /* ZoomModel.swift */,
				700D0786285C74E3001C38EF /* Cordinates.swift */,
			);
			path = Model;
			sourceTree = "<group>";
		};
/* End PBXGroup section */

/* Begin PBXNativeTarget section */
		70F35DA228522AF4001AE33D /* VirtualTouristProject */ = {
			isa = PBXNativeTarget;
			buildConfigurationList = 70F35DB728522AF5001AE33D /* Build configuration list for PBXNativeTarget "VirtualTouristProject" */;
			buildPhases = (
				70F35D9F28522AF4001AE33D /* Sources */,
				70F35DA028522AF4001AE33D /* Frameworks */,
				70F35DA128522AF4001AE33D /* Resources */,
			);
			buildRules = (
			);
			dependencies = (
			);
			name = VirtualTouristProject;
			productName = VirtualTouristProject;
			productReference = 70F35DA328522AF4001AE33D /* VirtualTouristProject.app */;
			productType = "com.apple.product-type.application";
		};
/* End PBXNativeTarget section */

/* Begin PBXProject section */
		70F35D9B28522AF4001AE33D /* Project object */ = {
			isa = PBXProject;
			attributes = {
				BuildIndependentTargetsInParallel = 1;
				LastSwiftUpdateCheck = 1330;
				LastUpgradeCheck = 1330;
				TargetAttributes = {
					70F35DA228522AF4001AE33D = {
						CreatedOnToolsVersion = 13.3.1;
					};
				};
			};
			buildConfigurationList = 70F35D9E28522AF4001AE33D /* Build configuration list for PBXProject "VirtualTouristProject" */;
			compatibilityVersion = "Xcode 13.0";
			developmentRegion = en;
			hasScannedForEncodings = 0;
			knownRegions = (
				en,
				Base,
			);
			mainGroup = 70F35D9A28522AF4001AE33D;
			productRefGroup = 70F35DA428522AF4001AE33D /* Products */;
			projectDirPath = "";
			projectRoot = "";
			targets = (
				70F35DA228522AF4001AE33D /* VirtualTouristProject */,
			);
		};
/* End PBXProject section */

/* Begin PBXResourcesBuildPhase section */
		70F35DA128522AF4001AE33D /* Resources */ = {
			isa = PBXResourcesBuildPhase;
			buildActionMask = 2147483647;
			files = (
				70F35DB328522AF5001AE33D /* LaunchScreen.storyboard in Resources */,
				70F35DB028522AF5001AE33D /* Assets.xcassets in Resources */,
				70F35DAE28522AF4001AE33D /* Main.storyboard in Resources */,
			);
			runOnlyForDeploymentPostprocessing = 0;
		};
/* End PBXResourcesBuildPhase section */

/* Begin PBXSourcesBuildPhase section */
		70F35D9F28522AF4001AE33D /* Sources */ = {
			isa = PBXSourcesBuildPhase;
			buildActionMask = 2147483647;
			files = (
				70F35DAB28522AF4001AE33D /* TravelLocationMapViewController.swift in Sources */,
				70A27988285F11900044508C /* PhotoAlbumView.swift in Sources */,
				70F35DBC28522B16001AE33D /* DataController.swift in Sources */,
				700D0789285C7585001C38EF /* FlickrResponse.swift in Sources */,
				700D0785285C74AE001C38EF /* ZoomModel.swift in Sources */,
				700D0783285C6EB7001C38EF /* CollectionViewCell.swift in Sources */,
				70F35DA728522AF4001AE33D /* AppDelegate.swift in Sources */,
				70F35DA928522AF4001AE33D /* SceneDelegate.swift in Sources */,
				700D0790285C9F02001C38EF /* VirtualTouristP.xcdatamodeld in Sources */,
				700D077B285B52D0001C38EF /* FlickrClient.swift in Sources */,
				700D0787285C74E3001C38EF /* Cordinates.swift in Sources */,
			);
			runOnlyForDeploymentPostprocessing = 0;
		};
/* End PBXSourcesBuildPhase section */

/* Begin PBXVariantGroup section */
		70F35DAC28522AF4001AE33D /* Main.storyboard */ = {
			isa = PBXVariantGroup;
			children = (
				70F35DAD28522AF4001AE33D /* Base */,
			);
			name = Main.storyboard;
			sourceTree = "<group>";
		};
		70F35DB128522AF5001AE33D /* LaunchScreen.storyboard */ = {
			isa = PBXVariantGroup;
			children = (
				70F35DB228522AF5001AE33D /* Base */,
			);
			name = LaunchScreen.storyboard;
			sourceTree = "<group>";
		};
/* End PBXVariantGroup section */

/* Begin XCBuildConfiguration section */
		70F35DB528522AF5001AE33D /* Debug */ = {
			isa = XCBuildConfiguration;
			buildSettings = {
				ALWAYS_SEARCH_USER_PATHS = NO;
				CLANG_ANALYZER_NONNULL = YES;
				CLANG_ANALYZER_NUMBER_OBJECT_CONVERSION = YES_AGGRESSIVE;
				CLANG_CXX_LANGUAGE_STANDARD = "gnu++17";
				CLANG_ENABLE_MODULES = YES;
				CLANG_ENABLE_OBJC_ARC = YES;
				CLANG_ENABLE_OBJC_WEAK = YES;
				CLANG_WARN_BLOCK_CAPTURE_AUTORELEASING = YES;
				CLANG_WARN_BOOL_CONVERSION = YES;
				CLANG_WARN_COMMA = YES;
				CLANG_WARN_CONSTANT_CONVERSION = YES;
				CLANG_WARN_DEPRECATED_OBJC_IMPLEMENTATIONS = YES;
				CLANG_WARN_DIRECT_OBJC_ISA_USAGE = YES_ERROR;
				CLANG_WARN_DOCUMENTATION_COMMENTS = YES;
				CLANG_WARN_EMPTY_BODY = YES;
				CLANG_WARN_ENUM_CONVERSION = YES;
				CLANG_WARN_INFINITE_RECURSION = YES;
				CLANG_WARN_INT_CONVERSION = YES;
				CLANG_WARN_NON_LITERAL_NULL_CONVERSION = YES;
				CLANG_WARN_OBJC_IMPLICIT_RETAIN_SELF = YES;
				CLANG_WARN_OBJC_LITERAL_CONVERSION = YES;
				CLANG_WARN_OBJC_ROOT_CLASS = YES_ERROR;
				CLANG_WARN_QUOTED_INCLUDE_IN_FRAMEWORK_HEADER = YES;
				CLANG_WARN_RANGE_LOOP_ANALYSIS = YES;
				CLANG_WARN_STRICT_PROTOTYPES = YES;
				CLANG_WARN_SUSPICIOUS_MOVE = YES;
				CLANG_WARN_UNGUARDED_AVAILABILITY = YES_AGGRESSIVE;
				CLANG_WARN_UNREACHABLE_CODE = YES;
				CLANG_WARN__DUPLICATE_METHOD_MATCH = YES;
				COPY_PHASE_STRIP = NO;
				DEBUG_INFORMATION_FORMAT = dwarf;
				ENABLE_STRICT_OBJC_MSGSEND = YES;
				ENABLE_TESTABILITY = YES;
				GCC_C_LANGUAGE_STANDARD = gnu11;
				GCC_DYNAMIC_NO_PIC = NO;
				GCC_NO_COMMON_BLOCKS = YES;
				GCC_OPTIMIZATION_LEVEL = 0;
				GCC_PREPROCESSOR_DEFINITIONS = (
					"DEBUG=1",
					"$(inherited)",
				);
				GCC_WARN_64_TO_32_BIT_CONVERSION = YES;
				GCC_WARN_ABOUT_RETURN_TYPE = YES_ERROR;
				GCC_WARN_UNDECLARED_SELECTOR = YES;
				GCC_WARN_UNINITIALIZED_AUTOS = YES_AGGRESSIVE;
				GCC_WARN_UNUSED_FUNCTION = YES;
				GCC_WARN_UNUSED_VARIABLE = YES;
				IPHONEOS_DEPLOYMENT_TARGET = 15.4;
				MTL_ENABLE_DEBUG_INFO = INCLUDE_SOURCE;
				MTL_FAST_MATH = YES;
				ONLY_ACTIVE_ARCH = YES;
				SDKROOT = iphoneos;
				SWIFT_ACTIVE_COMPILATION_CONDITIONS = DEBUG;
				SWIFT_OPTIMIZATION_LEVEL = "-Onone";
			};
			name = Debug;
		};
		70F35DB628522AF5001AE33D /* Release */ = {
			isa = XCBuildConfiguration;
			buildSettings = {
				ALWAYS_SEARCH_USER_PATHS = NO;
				CLANG_ANALYZER_NONNULL = YES;
				CLANG_ANALYZER_NUMBER_OBJECT_CONVERSION = YES_AGGRESSIVE;
				CLANG_CXX_LANGUAGE_STANDARD = "gnu++17";
				CLANG_ENABLE_MODULES = YES;
				CLANG_ENABLE_OBJC_ARC = YES;
				CLANG_ENABLE_OBJC_WEAK = YES;
				CLANG_WARN_BLOCK_CAPTURE_AUTORELEASING = YES;
				CLANG_WARN_BOOL_CONVERSION = YES;
				CLANG_WARN_COMMA = YES;
				CLANG_WARN_CONSTANT_CONVERSION = YES;
				CLANG_WARN_DEPRECATED_OBJC_IMPLEMENTATIONS = YES;
				CLANG_WARN_DIRECT_OBJC_ISA_USAGE = YES_ERROR;
				CLANG_WARN_DOCUMENTATION_COMMENTS = YES;
				CLANG_WARN_EMPTY_BODY = YES;
				CLANG_WARN_ENUM_CONVERSION = YES;
				CLANG_WARN_INFINITE_RECURSION = YES;
				CLANG_WARN_INT_CONVERSION = YES;
				CLANG_WARN_NON_LITERAL_NULL_CONVERSION = YES;
				CLANG_WARN_OBJC_IMPLICIT_RETAIN_SELF = YES;
				CLANG_WARN_OBJC_LITERAL_CONVERSION = YES;
				CLANG_WARN_OBJC_ROOT_CLASS = YES_ERROR;
				CLANG_WARN_QUOTED_INCLUDE_IN_FRAMEWORK_HEADER = YES;
				CLANG_WARN_RANGE_LOOP_ANALYSIS = YES;
				CLANG_WARN_STRICT_PROTOTYPES = YES;
				CLANG_WARN_SUSPICIOUS_MOVE = YES;
				CLANG_WARN_UNGUARDED_AVAILABILITY = YES_AGGRESSIVE;
				CLANG_WARN_UNREACHABLE_CODE = YES;
				CLANG_WARN__DUPLICATE_METHOD_MATCH = YES;
				COPY_PHASE_STRIP = NO;
				DEBUG_INFORMATION_FORMAT = "dwarf-with-dsym";
				ENABLE_NS_ASSERTIONS = NO;
				ENABLE_STRICT_OBJC_MSGSEND = YES;
				GCC_C_LANGUAGE_STANDARD = gnu11;
				GCC_NO_COMMON_BLOCKS = YES;
				GCC_WARN_64_TO_32_BIT_CONVERSION = YES;
				GCC_WARN_ABOUT_RETURN_TYPE = YES_ERROR;
				GCC_WARN_UNDECLARED_SELECTOR = YES;
				GCC_WARN_UNINITIALIZED_AUTOS = YES_AGGRESSIVE;
				GCC_WARN_UNUSED_FUNCTION = YES;
				GCC_WARN_UNUSED_VARIABLE = YES;
				IPHONEOS_DEPLOYMENT_TARGET = 15.4;
				MTL_ENABLE_DEBUG_INFO = NO;
				MTL_FAST_MATH = YES;
				SDKROOT = iphoneos;
				SWIFT_COMPILATION_MODE = wholemodule;
				SWIFT_OPTIMIZATION_LEVEL = "-O";
				VALIDATE_PRODUCT = YES;
			};
			name = Release;
		};
		70F35DB828522AF5001AE33D /* Debug */ = {
			isa = XCBuildConfiguration;
			buildSettings = {
				ASSETCATALOG_COMPILER_APPICON_NAME = AppIcon;
				ASSETCATALOG_COMPILER_GLOBAL_ACCENT_COLOR_NAME = AccentColor;
				CODE_SIGN_STYLE = Automatic;
				CURRENT_PROJECT_VERSION = 1;
				DEVELOPMENT_TEAM = BUV339KR3C;
				GENERATE_INFOPLIST_FILE = YES;
				INFOPLIST_FILE = VirtualTouristProject/Info.plist;
				INFOPLIST_KEY_UIApplicationSupportsIndirectInputEvents = YES;
				INFOPLIST_KEY_UILaunchStoryboardName = LaunchScreen;
				INFOPLIST_KEY_UIMainStoryboardFile = Main;
				INFOPLIST_KEY_UISupportedInterfaceOrientations_iPad = "UIInterfaceOrientationPortrait UIInterfaceOrientationPortraitUpsideDown UIInterfaceOrientationLandscapeLeft UIInterfaceOrientationLandscapeRight";
				INFOPLIST_KEY_UISupportedInterfaceOrientations_iPhone = "UIInterfaceOrientationPortrait UIInterfaceOrientationLandscapeLeft UIInterfaceOrientationLandscapeRight";
				LD_RUNPATH_SEARCH_PATHS = (
					"$(inherited)",
					"@executable_path/Frameworks",
				);
				MARKETING_VERSION = 1.0;
				PRODUCT_BUNDLE_IDENTIFIER = com.marvel.VirtualTouristProject;
				PRODUCT_NAME = "$(TARGET_NAME)";
				SWIFT_EMIT_LOC_STRINGS = YES;
				SWIFT_VERSION = 5.0;
				TARGETED_DEVICE_FAMILY = "1,2";
			};
			name = Debug;
		};
		70F35DB928522AF5001AE33D /* Release */ = {
			isa = XCBuildConfiguration;
			buildSettings = {
				ASSETCATALOG_COMPILER_APPICON_NAME = AppIcon;
				ASSETCATALOG_COMPILER_GLOBAL_ACCENT_COLOR_NAME = AccentColor;
				CODE_SIGN_STYLE = Automatic;
				CURRENT_PROJECT_VERSION = 1;
				DEVELOPMENT_TEAM = BUV339KR3C;
				GENERATE_INFOPLIST_FILE = YES;
				INFOPLIST_FILE = VirtualTouristProject/Info.plist;
				INFOPLIST_KEY_UIApplicationSupportsIndirectInputEvents = YES;
				INFOPLIST_KEY_UILaunchStoryboardName = LaunchScreen;
				INFOPLIST_KEY_UIMainStoryboardFile = Main;
				INFOPLIST_KEY_UISupportedInterfaceOrientations_iPad = "UIInterfaceOrientationPortrait UIInterfaceOrientationPortraitUpsideDown UIInterfaceOrientationLandscapeLeft UIInterfaceOrientationLandscapeRight";
				INFOPLIST_KEY_UISupportedInterfaceOrientations_iPhone = "UIInterfaceOrientationPortrait UIInterfaceOrientationLandscapeLeft UIInterfaceOrientationLandscapeRight";
				LD_RUNPATH_SEARCH_PATHS = (
					"$(inherited)",
					"@executable_path/Frameworks",
				);
				MARKETING_VERSION = 1.0;
				PRODUCT_BUNDLE_IDENTIFIER = com.marvel.VirtualTouristProject;
				PRODUCT_NAME = "$(TARGET_NAME)";
				SWIFT_EMIT_LOC_STRINGS = YES;
				SWIFT_VERSION = 5.0;
				TARGETED_DEVICE_FAMILY = "1,2";
			};
			name = Release;
		};
/* End XCBuildConfiguration section */

/* Begin XCConfigurationList section */
		70F35D9E28522AF4001AE33D /* Build configuration list for PBXProject "VirtualTouristProject" */ = {
			isa = XCConfigurationList;
			buildConfigurations = (
				70F35DB528522AF5001AE33D /* Debug */,
				70F35DB628522AF5001AE33D /* Release */,
			);
			defaultConfigurationIsVisible = 0;
			defaultConfigurationName = Release;
		};
		70F35DB728522AF5001AE33D /* Build configuration list for PBXNativeTarget "VirtualTouristProject" */ = {
			isa = XCConfigurationList;
			buildConfigurations = (
				70F35DB828522AF5001AE33D /* Debug */,
				70F35DB928522AF5001AE33D /* Release */,
			);
			defaultConfigurationIsVisible = 0;
			defaultConfigurationName = Release;
		};
/* End XCConfigurationList section */

/* Begin XCVersionGroup section */
		700D078E285C9F02001C38EF /* VirtualTouristP.xcdatamodeld */ = {
			isa = XCVersionGroup;
			children = (
				700D078F285C9F02001C38EF /* VirtualTouristP.xcdatamodel */,
			);
			currentVersion = 700D078F285C9F02001C38EF /* VirtualTouristP.xcdatamodel */;
			path = VirtualTouristP.xcdatamodeld;
			sourceTree = "<group>";
			versionGroupType = wrapper.xcdatamodel;
		};
/* End XCVersionGroup section */
	};
	rootObject = 70F35D9B28522AF4001AE33D /* Project object */;
}
